
Microsoft Visual Studio Solution File, Format Version 12.00
# Visual Studio 2017
Project("{FAE04EC0-301F-11D3-BF4B-00C04F79EFBC}") = "Roll A Ball 2", "Roll A Ball 2.csproj", "{3B9B293C-D6E8-5FE5-F412-09EE4BB6BE9E}"
EndProject
Project("{FAE04EC0-301F-11D3-BF4B-00C04F79EFBC}") = "Roll A Ball 2.Editor", "Roll A Ball 2.Editor.csproj", "{485989E6-F2F8-CE9E-ADFC-0EF750FD5905}"
EndProject
Global
	GlobalSection(SolutionConfigurationPlatforms) = preSolution
		Debug|Any CPU = Debug|Any CPU
		Release|Any CPU = Release|Any CPU
	EndGlobalSection
	GlobalSection(ProjectConfigurationPlatforms) = postSolution
		{3B9B293C-D6E8-5FE5-F412-09EE4BB6BE9E}.Debug|Any CPU.ActiveCfg = Debug|Any CPU
		{3B9B293C-D6E8-5FE5-F412-09EE4BB6BE9E}.Debug|Any CPU.Build.0 = Debug|Any CPU
		{3B9B293C-D6E8-5FE5-F412-09EE4BB6BE9E}.Release|Any CPU.ActiveCfg = Release|Any CPU
		{3B9B293C-D6E8-5FE5-F412-09EE4BB6BE9E}.Release|Any CPU.Build.0 = Release|Any CPU
		{485989E6-F2F8-CE9E-ADFC-0EF750FD5905}.Debug|Any CPU.ActiveCfg = Debug|Any CPU
		{485989E6-F2F8-CE9E-ADFC-0EF750FD5905}.Debug|Any CPU.Build.0 = Debug|Any CPU
		{485989E6-F2F8-CE9E-ADFC-0EF750FD5905}.Release|Any CPU.ActiveCfg = Release|Any CPU
		{485989E6-F2F8-CE9E-ADFC-0EF750FD5905}.Release|Any CPU.Build.0 = Release|Any CPU
	EndGlobalSection
	GlobalSection(SolutionProperties) = preSolution
		HideSolutionNode = FALSE
	EndGlobalSection
EndGlobal
